
Microsoft Visual Studio Solution File, Format Version 12.00
# Visual Studio 15
VisualStudioVersion = 15.0.28307.271
MinimumVisualStudioVersion = 10.0.40219.1
Project("{FAE04EC0-301F-11D3-BF4B-00C04F79EFBC}") = "SP Transfer Tool", "SP Transfer Tool\SP Transfer Tool.csproj", "{23FB8E74-E7D6-4A19-B5A9-7451857E26BD}"
EndProject
Project("{FAE04EC0-301F-11D3-BF4B-00C04F79EFBC}") = "SP Transfer Tool 1", "SP Transfer Tool 1\SP Transfer Tool 1.csproj", "{235E18E2-6384-4B35-B9C1-30B6E2FBD618}"
EndProject
Project("{FAE04EC0-301F-11D3-BF4B-00C04F79EFBC}") = "SP Transfer Tool 2", "SP Transfer Tool 2\SP Transfer Tool 2.csproj", "{B3F5C6DC-1DC9-43B9-B215-7019DC04CF65}"
EndProject
Global
	GlobalSection(SolutionConfigurationPlatforms) = preSolution
		Debug|Any CPU = Debug|Any CPU
		Release|Any CPU = Release|Any CPU
	EndGlobalSection
	GlobalSection(ProjectConfigurationPlatforms) = postSolution
		{23FB8E74-E7D6-4A19-B5A9-7451857E26BD}.Debug|Any CPU.ActiveCfg = Debug|Any CPU
		{23FB8E74-E7D6-4A19-B5A9-7451857E26BD}.Debug|Any CPU.Build.0 = Debug|Any CPU
		{23FB8E74-E7D6-4A19-B5A9-7451857E26BD}.Release|Any CPU.ActiveCfg = Release|Any CPU
		{23FB8E74-E7D6-4A19-B5A9-7451857E26BD}.Release|Any CPU.Build.0 = Release|Any CPU
		{235E18E2-6384-4B35-B9C1-30B6E2FBD618}.Debug|Any CPU.ActiveCfg = Debug|Any CPU
		{235E18E2-6384-4B35-B9C1-30B6E2FBD618}.Debug|Any CPU.Build.0 = Debug|Any CPU
		{235E18E2-6384-4B35-B9C1-30B6E2FBD618}.Release|Any CPU.ActiveCfg = Release|Any CPU
		{235E18E2-6384-4B35-B9C1-30B6E2FBD618}.Release|Any CPU.Build.0 = Release|Any CPU
		{B3F5C6DC-1DC9-43B9-B215-7019DC04CF65}.Debug|Any CPU.ActiveCfg = Debug|Any CPU
		{B3F5C6DC-1DC9-43B9-B215-7019DC04CF65}.Debug|Any CPU.Build.0 = Debug|Any CPU
		{B3F5C6DC-1DC9-43B9-B215-7019DC04CF65}.Release|Any CPU.ActiveCfg = Release|Any CPU
		{B3F5C6DC-1DC9-43B9-B215-7019DC04CF65}.Release|Any CPU.Build.0 = Release|Any CPU
	EndGlobalSection
	GlobalSection(SolutionProperties) = preSolution
		HideSolutionNode = FALSE
	EndGlobalSection
	GlobalSection(ExtensibilityGlobals) = postSolution
		SolutionGuid = {E841525F-B2C2-4925-B74F-A0326A1FA881}
	EndGlobalSection
EndGlobal
